
Microsoft Visual Studio Solution File, Format Version 12.00
# Visual Studio Version 17
VisualStudioVersion = 17.2.32519.379
MinimumVisualStudioVersion = 10.0.40219.1
Project("{9A19103F-16F7-4668-BE54-9A1E7A4F7556}") = "Prueba_Double_V_Partners", "Prueba_Double_V_Partners\Prueba_Double_V_Partners.csproj", "{451A861C-7BB1-4954-BFE1-B1FB79F6C04A}"
	ProjectSection(ProjectDependencies) = postProject
		{FC1FA731-910A-47D4-B150-8A2CC3155BF8} = {FC1FA731-910A-47D4-B150-8A2CC3155BF8}
	EndProjectSection
EndProject
Project("{9A19103F-16F7-4668-BE54-9A1E7A4F7556}") = "API_DB_Double_V_Partners", "API_DB_Double_V_Partners\API_DB_Double_V_Partners.csproj", "{FC1FA731-910A-47D4-B150-8A2CC3155BF8}"
EndProject
Project("{2150E333-8FDC-42A3-9474-1A3956D46DE8}") = "BKDB", "BKDB", "{82E8FB56-5BDF-4D0E-BBAE-11A8AD2DBEF3}"
	ProjectSection(SolutionItems) = preProject
		..\..\Bk_Double_V_Partners.bak = ..\..\Bk_Double_V_Partners.bak
	EndProjectSection
EndProject
Global
	GlobalSection(SolutionConfigurationPlatforms) = preSolution
		Debug|Any CPU = Debug|Any CPU
		Release|Any CPU = Release|Any CPU
	EndGlobalSection
	GlobalSection(ProjectConfigurationPlatforms) = postSolution
		{451A861C-7BB1-4954-BFE1-B1FB79F6C04A}.Debug|Any CPU.ActiveCfg = Debug|Any CPU
		{451A861C-7BB1-4954-BFE1-B1FB79F6C04A}.Debug|Any CPU.Build.0 = Debug|Any CPU
		{451A861C-7BB1-4954-BFE1-B1FB79F6C04A}.Release|Any CPU.ActiveCfg = Release|Any CPU
		{451A861C-7BB1-4954-BFE1-B1FB79F6C04A}.Release|Any CPU.Build.0 = Release|Any CPU
		{FC1FA731-910A-47D4-B150-8A2CC3155BF8}.Debug|Any CPU.ActiveCfg = Debug|Any CPU
		{FC1FA731-910A-47D4-B150-8A2CC3155BF8}.Debug|Any CPU.Build.0 = Debug|Any CPU
		{FC1FA731-910A-47D4-B150-8A2CC3155BF8}.Release|Any CPU.ActiveCfg = Release|Any CPU
		{FC1FA731-910A-47D4-B150-8A2CC3155BF8}.Release|Any CPU.Build.0 = Release|Any CPU
	EndGlobalSection
	GlobalSection(SolutionProperties) = preSolution
		HideSolutionNode = FALSE
	EndGlobalSection
	GlobalSection(ExtensibilityGlobals) = postSolution
		SolutionGuid = {D31E746F-46DD-4136-83F8-EB47AB48F9C8}
	EndGlobalSection
EndGlobal
